// !$*UTF8*$!
{
	archiveVersion = 1;
	classes = {
	};
	objectVersion = 56;
	objects = {

/* Begin PBXBuildFile section */
		A3AB7D922C3F775500333EBD /* README.md in Resources */ = {isa = PBXBuildFile; fileRef = A3AB7D912C3F775500333EBD /* README.md */; };
		A3AB7D9A2C3F787800333EBD /* landspace.png in Resources */ = {isa = PBXBuildFile; fileRef = A3AB7D982C3F782900333EBD /* landspace.png */; };
		A3AB7D9B2C3F787B00333EBD /* portrait.png in Resources */ = {isa = PBXBuildFile; fileRef = A3AB7D992C3F782900333EBD /* portrait.png */; };
		A3CF61092C3D541B007F2CDD /* AppDelegate.swift in Sources */ = {isa = PBXBuildFile; fileRef = A3CF61082C3D541B007F2CDD /* AppDelegate.swift */; };
		A3CF610B2C3D541B007F2CDD /* SceneDelegate.swift in Sources */ = {isa = PBXBuildFile; fileRef = A3CF610A2C3D541B007F2CDD /* SceneDelegate.swift */; };
		A3CF610D2C3D541B007F2CDD /* ViewController.swift in Sources */ = {isa = PBXBuildFile; fileRef = A3CF610C2C3D541B007F2CDD /* ViewController.swift */; };
		A3CF61102C3D541B007F2CDD /* Base in Resources */ = {isa = PBXBuildFile; fileRef = A3CF610F2C3D541B007F2CDD /* Base */; };
		A3CF61122C3D541C007F2CDD /* Assets.xcassets in Resources */ = {isa = PBXBuildFile; fileRef = A3CF61112C3D541C007F2CDD /* Assets.xcassets */; };
		A3CF61152C3D541C007F2CDD /* Base in Resources */ = {isa = PBXBuildFile; fileRef = A3CF61142C3D541C007F2CDD /* Base */; };
		A3CF611D2C3D6BC2007F2CDD /* Question.swift in Sources */ = {isa = PBXBuildFile; fileRef = A3CF611C2C3D6BC2007F2CDD /* Question.swift */; };
		A3CF611F2C3D6BDA007F2CDD /* QuizBrain.swift in Sources */ = {isa = PBXBuildFile; fileRef = A3CF611E2C3D6BDA007F2CDD /* QuizBrain.swift */; };
/* End PBXBuildFile section */

/* Begin PBXFileReference section */
		A3AB7D912C3F775500333EBD /* README.md */ = {isa = PBXFileReference; lastKnownFileType = net.daringfireball.markdown; path = README.md; sourceTree = "<group>"; };
		A3AB7D982C3F782900333EBD /* landspace.png */ = {isa = PBXFileReference; lastKnownFileType = image.png; path = landspace.png; sourceTree = "<group>"; };
		A3AB7D992C3F782900333EBD /* portrait.png */ = {isa = PBXFileReference; lastKnownFileType = image.png; path = portrait.png; sourceTree = "<group>"; };
		A3CF61052C3D541B007F2CDD /* DemoQuizAndLayoutProject.app */ = {isa = PBXFileReference; explicitFileType = wrapper.application; includeInIndex = 0; path = DemoQuizAndLayoutProject.app; sourceTree = BUILT_PRODUCTS_DIR; };
		A3CF61082C3D541B007F2CDD /* AppDelegate.swift */ = {isa = PBXFileReference; lastKnownFileType = sourcecode.swift; path = AppDelegate.swift; sourceTree = "<group>"; };
		A3CF610A2C3D541B007F2CDD /* SceneDelegate.swift */ = {isa = PBXFileReference; lastKnownFileType = sourcecode.swift; path = SceneDelegate.swift; sourceTree = "<group>"; };
		A3CF610C2C3D541B007F2CDD /* ViewController.swift */ = {isa = PBXFileReference; lastKnownFileType = sourcecode.swift; path = ViewController.swift; sourceTree = "<group>"; };
		A3CF610F2C3D541B007F2CDD /* Base */ = {isa = PBXFileReference; lastKnownFileType = file.storyboard; name = Base; path = Base.lproj/Main.storyboard; sourceTree = "<group>"; };
		A3CF61112C3D541C007F2CDD /* Assets.xcassets */ = {isa = PBXFileReference; lastKnownFileType = folder.assetcatalog; path = Assets.xcassets; sourceTree = "<group>"; };
		A3CF61142C3D541C007F2CDD /* Base */ = {isa = PBXFileReference; lastKnownFileType = file.storyboard; name = Base; path = Base.lproj/LaunchScreen.storyboard; sourceTree = "<group>"; };
		A3CF61162C3D541C007F2CDD /* Info.plist */ = {isa = PBXFileReference; lastKnownFileType = text.plist.xml; path = Info.plist; sourceTree = "<group>"; };
		A3CF611C2C3D6BC2007F2CDD /* Question.swift */ = {isa = PBXFileReference; lastKnownFileType = sourcecode.swift; path = Question.swift; sourceTree = "<group>"; };
		A3CF611E2C3D6BDA007F2CDD /* QuizBrain.swift */ = {isa = PBXFileReference; lastKnownFileType = sourcecode.swift; path = QuizBrain.swift; sourceTree = "<group>"; };
/* End PBXFileReference section */

/* Begin PBXFrameworksBuildPhase section */
		A3CF61022C3D541B007F2CDD /* Frameworks */ = {
			isa = PBXFrameworksBuildPhase;
			buildActionMask = 2147483647;
			files = (
			);
			runOnlyForDeploymentPostprocessing = 0;
		};
/* End PBXFrameworksBuildPhase section */

/* Begin PBXGroup section */
		A3AB7D972C3F781A00333EBD /* Documentation */ = {
			isa = PBXGroup;
			children = (
				A3AB7D992C3F782900333EBD /* portrait.png */,
				A3AB7D982C3F782900333EBD /* landspace.png */,
			);
			path = Documentation;
			sourceTree = "<group>";
		};
		A3CF60FC2C3D541A007F2CDD = {
			isa = PBXGroup;
			children = (
				A3AB7D972C3F781A00333EBD /* Documentation */,
				A3AB7D912C3F775500333EBD /* README.md */,
				A3CF61072C3D541B007F2CDD /* DemoQuizAndLayoutProject */,
				A3CF61062C3D541B007F2CDD /* Products */,
			);
			sourceTree = "<group>";
		};
		A3CF61062C3D541B007F2CDD /* Products */ = {
			isa = PBXGroup;
			children = (
				A3CF61052C3D541B007F2CDD /* DemoQuizAndLayoutProject.app */,
			);
			name = Products;
			sourceTree = "<group>";
		};
		A3CF61072C3D541B007F2CDD /* DemoQuizAndLayoutProject */ = {
			isa = PBXGroup;
			children = (
				A3CF61082C3D541B007F2CDD /* AppDelegate.swift */,
				A3CF610A2C3D541B007F2CDD /* SceneDelegate.swift */,
				A3CF61202C3D6BE4007F2CDD /* Model */,
				A3CF61212C3D6BED007F2CDD /* View */,
				A3CF61222C3D6BF8007F2CDD /* Controller */,
				A3CF61112C3D541C007F2CDD /* Assets.xcassets */,
				A3CF61132C3D541C007F2CDD /* LaunchScreen.storyboard */,
				A3CF61162C3D541C007F2CDD /* Info.plist */,
			);
			path = DemoQuizAndLayoutProject;
			sourceTree = "<group>";
		};
		A3CF61202C3D6BE4007F2CDD /* Model */ = {
			isa = PBXGroup;
			children = (
				A3CF611C2C3D6BC2007F2CDD /* Question.swift */,
				A3CF611E2C3D6BDA007F2CDD /* QuizBrain.swift */,
			);
			path = Model;
			sourceTree = "<group>";
		};
		A3CF61212C3D6BED007F2CDD /* View */ = {
			isa = PBXGroup;
			children = (
				A3CF610E2C3D541B007F2CDD /* Main.storyboard */,
			);
			path = View;
			sourceTree = "<group>";
		};
		A3CF61222C3D6BF8007F2CDD /* Controller */ = {
			isa = PBXGroup;
			children = (
				A3CF610C2C3D541B007F2CDD /* ViewController.swift */,
			);
			path = Controller;
			sourceTree = "<group>";
		};
/* End PBXGroup section */

/* Begin PBXNativeTarget section */
		A3CF61042C3D541B007F2CDD /* DemoQuizAndLayoutProject */ = {
			isa = PBXNativeTarget;
			buildConfigurationList = A3CF61192C3D541C007F2CDD /* Build configuration list for PBXNativeTarget "DemoQuizAndLayoutProject" */;
			buildPhases = (
				A3CF61012C3D541B007F2CDD /* Sources */,
				A3CF61022C3D541B007F2CDD /* Frameworks */,
				A3CF61032C3D541B007F2CDD /* Resources */,
			);
			buildRules = (
			);
			dependencies = (
			);
			name = DemoQuizAndLayoutProject;
			productName = DemoQuizAndLayoutProject;
			productReference = A3CF61052C3D541B007F2CDD /* DemoQuizAndLayoutProject.app */;
			productType = "com.apple.product-type.application";
		};
/* End PBXNativeTarget section */

/* Begin PBXProject section */
		A3CF60FD2C3D541A007F2CDD /* Project object */ = {
			isa = PBXProject;
			attributes = {
				BuildIndependentTargetsInParallel = 1;
				LastSwiftUpdateCheck = 1530;
				LastUpgradeCheck = 1530;
				TargetAttributes = {
					A3CF61042C3D541B007F2CDD = {
						CreatedOnToolsVersion = 15.3;
					};
				};
			};
			buildConfigurationList = A3CF61002C3D541A007F2CDD /* Build configuration list for PBXProject "DemoQuizAndLayoutProject" */;
			compatibilityVersion = "Xcode 14.0";
			developmentRegion = en;
			hasScannedForEncodings = 0;
			knownRegions = (
				en,
				Base,
			);
			mainGroup = A3CF60FC2C3D541A007F2CDD;
			productRefGroup = A3CF61062C3D541B007F2CDD /* Products */;
			projectDirPath = "";
			projectRoot = "";
			targets = (
				A3CF61042C3D541B007F2CDD /* DemoQuizAndLayoutProject */,
			);
		};
/* End PBXProject section */

/* Begin PBXResourcesBuildPhase section */
		A3CF61032C3D541B007F2CDD /* Resources */ = {
			isa = PBXResourcesBuildPhase;
			buildActionMask = 2147483647;
			files = (
				A3AB7D9B2C3F787B00333EBD /* portrait.png in Resources */,
				A3CF61122C3D541C007F2CDD /* Assets.xcassets in Resources */,
				A3CF61152C3D541C007F2CDD /* Base in Resources */,
				A3AB7D922C3F775500333EBD /* README.md in Resources */,
				A3AB7D9A2C3F787800333EBD /* landspace.png in Resources */,
				A3CF61102C3D541B007F2CDD /* Base in Resources */,
			);
			runOnlyForDeploymentPostprocessing = 0;
		};
/* End PBXResourcesBuildPhase section */

/* Begin PBXSourcesBuildPhase section */
		A3CF61012C3D541B007F2CDD /* Sources */ = {
			isa = PBXSourcesBuildPhase;
			buildActionMask = 2147483647;
			files = (
				A3CF611F2C3D6BDA007F2CDD /* QuizBrain.swift in Sources */,
				A3CF610D2C3D541B007F2CDD /* ViewController.swift in Sources */,
				A3CF611D2C3D6BC2007F2CDD /* Question.swift in Sources */,
				A3CF61092C3D541B007F2CDD /* AppDelegate.swift in Sources */,
				A3CF610B2C3D541B007F2CDD /* SceneDelegate.swift in Sources */,
			);
			runOnlyForDeploymentPostprocessing = 0;
		};
/* End PBXSourcesBuildPhase section */

/* Begin PBXVariantGroup section */
		A3CF610E2C3D541B007F2CDD /* Main.storyboard */ = {
			isa = PBXVariantGroup;
			children = (
				A3CF610F2C3D541B007F2CDD /* Base */,
			);
			name = Main.storyboard;
			sourceTree = "<group>";
		};
		A3CF61132C3D541C007F2CDD /* LaunchScreen.storyboard */ = {
			isa = PBXVariantGroup;
			children = (
				A3CF61142C3D541C007F2CDD /* Base */,
			);
			name = LaunchScreen.storyboard;
			sourceTree = "<group>";
		};
/* End PBXVariantGroup section */

/* Begin XCBuildConfiguration section */
		A3CF61172C3D541C007F2CDD /* Debug */ = {
			isa = XCBuildConfiguration;
			buildSettings = {
				ALWAYS_SEARCH_USER_PATHS = NO;
				ASSETCATALOG_COMPILER_GENERATE_SWIFT_ASSET_SYMBOL_EXTENSIONS = YES;
				CLANG_ANALYZER_NONNULL = YES;
				CLANG_ANALYZER_NUMBER_OBJECT_CONVERSION = YES_AGGRESSIVE;
				CLANG_CXX_LANGUAGE_STANDARD = "gnu++20";
				CLANG_ENABLE_MODULES = YES;
				CLANG_ENABLE_OBJC_ARC = YES;
				CLANG_ENABLE_OBJC_WEAK = YES;
				CLANG_WARN_BLOCK_CAPTURE_AUTORELEASING = YES;
				CLANG_WARN_BOOL_CONVERSION = YES;
				CLANG_WARN_COMMA = YES;
				CLANG_WARN_CONSTANT_CONVERSION = YES;
				CLANG_WARN_DEPRECATED_OBJC_IMPLEMENTATIONS = YES;
				CLANG_WARN_DIRECT_OBJC_ISA_USAGE = YES_ERROR;
				CLANG_WARN_DOCUMENTATION_COMMENTS = YES;
				CLANG_WARN_EMPTY_BODY = YES;
				CLANG_WARN_ENUM_CONVERSION = YES;
				CLANG_WARN_INFINITE_RECURSION = YES;
				CLANG_WARN_INT_CONVERSION = YES;
				CLANG_WARN_NON_LITERAL_NULL_CONVERSION = YES;
				CLANG_WARN_OBJC_IMPLICIT_RETAIN_SELF = YES;
				CLANG_WARN_OBJC_LITERAL_CONVERSION = YES;
				CLANG_WARN_OBJC_ROOT_CLASS = YES_ERROR;
				CLANG_WARN_QUOTED_INCLUDE_IN_FRAMEWORK_HEADER = YES;
				CLANG_WARN_RANGE_LOOP_ANALYSIS = YES;
				CLANG_WARN_STRICT_PROTOTYPES = YES;
				CLANG_WARN_SUSPICIOUS_MOVE = YES;
				CLANG_WARN_UNGUARDED_AVAILABILITY = YES_AGGRESSIVE;
				CLANG_WARN_UNREACHABLE_CODE = YES;
				CLANG_WARN__DUPLICATE_METHOD_MATCH = YES;
				COPY_PHASE_STRIP = NO;
				DEBUG_INFORMATION_FORMAT = dwarf;
				ENABLE_STRICT_OBJC_MSGSEND = YES;
				ENABLE_TESTABILITY = YES;
				ENABLE_USER_SCRIPT_SANDBOXING = YES;
				GCC_C_LANGUAGE_STANDARD = gnu17;
				GCC_DYNAMIC_NO_PIC = NO;
				GCC_NO_COMMON_BLOCKS = YES;
				GCC_OPTIMIZATION_LEVEL = 0;
				GCC_PREPROCESSOR_DEFINITIONS = (
					"DEBUG=1",
					"$(inherited)",
				);
				GCC_WARN_64_TO_32_BIT_CONVERSION = YES;
				GCC_WARN_ABOUT_RETURN_TYPE = YES_ERROR;
				GCC_WARN_UNDECLARED_SELECTOR = YES;
				GCC_WARN_UNINITIALIZED_AUTOS = YES_AGGRESSIVE;
				GCC_WARN_UNUSED_FUNCTION = YES;
				GCC_WARN_UNUSED_VARIABLE = YES;
				IPHONEOS_DEPLOYMENT_TARGET = 13.0;
				LOCALIZATION_PREFERS_STRING_CATALOGS = YES;
				MTL_ENABLE_DEBUG_INFO = INCLUDE_SOURCE;
				MTL_FAST_MATH = YES;
				ONLY_ACTIVE_ARCH = YES;
				SDKROOT = iphoneos;
				SWIFT_ACTIVE_COMPILATION_CONDITIONS = "DEBUG $(inherited)";
				SWIFT_OPTIMIZATION_LEVEL = "-Onone";
			};
			name = Debug;
		};
		A3CF61182C3D541C007F2CDD /* Release */ = {
			isa = XCBuildConfiguration;
			buildSettings = {
				ALWAYS_SEARCH_USER_PATHS = NO;
				ASSETCATALOG_COMPILER_GENERATE_SWIFT_ASSET_SYMBOL_EXTENSIONS = YES;
				CLANG_ANALYZER_NONNULL = YES;
				CLANG_ANALYZER_NUMBER_OBJECT_CONVERSION = YES_AGGRESSIVE;
				CLANG_CXX_LANGUAGE_STANDARD = "gnu++20";
				CLANG_ENABLE_MODULES = YES;
				CLANG_ENABLE_OBJC_ARC = YES;
				CLANG_ENABLE_OBJC_WEAK = YES;
				CLANG_WARN_BLOCK_CAPTURE_AUTORELEASING = YES;
				CLANG_WARN_BOOL_CONVERSION = YES;
				CLANG_WARN_COMMA = YES;
				CLANG_WARN_CONSTANT_CONVERSION = YES;
				CLANG_WARN_DEPRECATED_OBJC_IMPLEMENTATIONS = YES;
				CLANG_WARN_DIRECT_OBJC_ISA_USAGE = YES_ERROR;
				CLANG_WARN_DOCUMENTATION_COMMENTS = YES;
				CLANG_WARN_EMPTY_BODY = YES;
				CLANG_WARN_ENUM_CONVERSION = YES;
				CLANG_WARN_INFINITE_RECURSION = YES;
				CLANG_WARN_INT_CONVERSION = YES;
				CLANG_WARN_NON_LITERAL_NULL_CONVERSION = YES;
				CLANG_WARN_OBJC_IMPLICIT_RETAIN_SELF = YES;
				CLANG_WARN_OBJC_LITERAL_CONVERSION = YES;
				CLANG_WARN_OBJC_ROOT_CLASS = YES_ERROR;
				CLANG_WARN_QUOTED_INCLUDE_IN_FRAMEWORK_HEADER = YES;
				CLANG_WARN_RANGE_LOOP_ANALYSIS = YES;
				CLANG_WARN_STRICT_PROTOTYPES = YES;
				CLANG_WARN_SUSPICIOUS_MOVE = YES;
				CLANG_WARN_UNGUARDED_AVAILABILITY = YES_AGGRESSIVE;
				CLANG_WARN_UNREACHABLE_CODE = YES;
				CLANG_WARN__DUPLICATE_METHOD_MATCH = YES;
				COPY_PHASE_STRIP = NO;
				DEBUG_INFORMATION_FORMAT = "dwarf-with-dsym";
				ENABLE_NS_ASSERTIONS = NO;
				ENABLE_STRICT_OBJC_MSGSEND = YES;
				ENABLE_USER_SCRIPT_SANDBOXING = YES;
				GCC_C_LANGUAGE_STANDARD = gnu17;
				GCC_NO_COMMON_BLOCKS = YES;
				GCC_WARN_64_TO_32_BIT_CONVERSION = YES;
				GCC_WARN_ABOUT_RETURN_TYPE = YES_ERROR;
				GCC_WARN_UNDECLARED_SELECTOR = YES;
				GCC_WARN_UNINITIALIZED_AUTOS = YES_AGGRESSIVE;
				GCC_WARN_UNUSED_FUNCTION = YES;
				GCC_WARN_UNUSED_VARIABLE = YES;
				IPHONEOS_DEPLOYMENT_TARGET = 13.0;
				LOCALIZATION_PREFERS_STRING_CATALOGS = YES;
				MTL_ENABLE_DEBUG_INFO = NO;
				MTL_FAST_MATH = YES;
				SDKROOT = iphoneos;
				SWIFT_COMPILATION_MODE = wholemodule;
				VALIDATE_PRODUCT = YES;
			};
			name = Release;
		};
		A3CF611A2C3D541C007F2CDD /* Debug */ = {
			isa = XCBuildConfiguration;
			buildSettings = {
				ASSETCATALOG_COMPILER_APPICON_NAME = AppIcon;
				ASSETCATALOG_COMPILER_GLOBAL_ACCENT_COLOR_NAME = AccentColor;
				CODE_SIGN_STYLE = Automatic;
				CURRENT_PROJECT_VERSION = 1;
				DEVELOPMENT_TEAM = 5C73522P88;
				GENERATE_INFOPLIST_FILE = YES;
				INFOPLIST_FILE = DemoQuizAndLayoutProject/Info.plist;
				INFOPLIST_KEY_UIApplicationSupportsIndirectInputEvents = YES;
				INFOPLIST_KEY_UILaunchStoryboardName = LaunchScreen;
				INFOPLIST_KEY_UIMainStoryboardFile = Main;
				INFOPLIST_KEY_UISupportedInterfaceOrientations_iPad = "UIInterfaceOrientationPortrait UIInterfaceOrientationPortraitUpsideDown UIInterfaceOrientationLandscapeLeft UIInterfaceOrientationLandscapeRight";
				INFOPLIST_KEY_UISupportedInterfaceOrientations_iPhone = "UIInterfaceOrientationPortrait UIInterfaceOrientationLandscapeLeft UIInterfaceOrientationLandscapeRight";
				IPHONEOS_DEPLOYMENT_TARGET = 13.0;
				LD_RUNPATH_SEARCH_PATHS = (
					"$(inherited)",
					"@executable_path/Frameworks",
				);
				MARKETING_VERSION = 1.0;
				PRODUCT_BUNDLE_IDENTIFIER = com.sahinbekir.DemoQuizAndLayoutProject;
				PRODUCT_NAME = "$(TARGET_NAME)";
				SWIFT_EMIT_LOC_STRINGS = YES;
				SWIFT_VERSION = 5.0;
				TARGETED_DEVICE_FAMILY = "1,2";
			};
			name = Debug;
		};
		A3CF611B2C3D541C007F2CDD /* Release */ = {
			isa = XCBuildConfiguration;
			buildSettings = {
				ASSETCATALOG_COMPILER_APPICON_NAME = AppIcon;
				ASSETCATALOG_COMPILER_GLOBAL_ACCENT_COLOR_NAME = AccentColor;
				CODE_SIGN_STYLE = Automatic;
				CURRENT_PROJECT_VERSION = 1;
				DEVELOPMENT_TEAM = 5C73522P88;
				GENERATE_INFOPLIST_FILE = YES;
				INFOPLIST_FILE = DemoQuizAndLayoutProject/Info.plist;
				INFOPLIST_KEY_UIApplicationSupportsIndirectInputEvents = YES;
				INFOPLIST_KEY_UILaunchStoryboardName = LaunchScreen;
				INFOPLIST_KEY_UIMainStoryboardFile = Main;
				INFOPLIST_KEY_UISupportedInterfaceOrientations_iPad = "UIInterfaceOrientationPortrait UIInterfaceOrientationPortraitUpsideDown UIInterfaceOrientationLandscapeLeft UIInterfaceOrientationLandscapeRight";
				INFOPLIST_KEY_UISupportedInterfaceOrientations_iPhone = "UIInterfaceOrientationPortrait UIInterfaceOrientationLandscapeLeft UIInterfaceOrientationLandscapeRight";
				IPHONEOS_DEPLOYMENT_TARGET = 13.0;
				LD_RUNPATH_SEARCH_PATHS = (
					"$(inherited)",
					"@executable_path/Frameworks",
				);
				MARKETING_VERSION = 1.0;
				PRODUCT_BUNDLE_IDENTIFIER = com.sahinbekir.DemoQuizAndLayoutProject;
				PRODUCT_NAME = "$(TARGET_NAME)";
				SWIFT_EMIT_LOC_STRINGS = YES;
				SWIFT_VERSION = 5.0;
				TARGETED_DEVICE_FAMILY = "1,2";
			};
			name = Release;
		};
/* End XCBuildConfiguration section */

/* Begin XCConfigurationList section */
		A3CF61002C3D541A007F2CDD /* Build configuration list for PBXProject "DemoQuizAndLayoutProject" */ = {
			isa = XCConfigurationList;
			buildConfigurations = (
				A3CF61172C3D541C007F2CDD /* Debug */,
				A3CF61182C3D541C007F2CDD /* Release */,
			);
			defaultConfigurationIsVisible = 0;
			defaultConfigurationName = Release;
		};
		A3CF61192C3D541C007F2CDD /* Build configuration list for PBXNativeTarget "DemoQuizAndLayoutProject" */ = {
			isa = XCConfigurationList;
			buildConfigurations = (
				A3CF611A2C3D541C007F2CDD /* Debug */,
				A3CF611B2C3D541C007F2CDD /* Release */,
			);
			defaultConfigurationIsVisible = 0;
			defaultConfigurationName = Release;
		};
/* End XCConfigurationList section */
	};
	rootObject = A3CF60FD2C3D541A007F2CDD /* Project object */;
}
